
Microsoft Visual Studio Solution File, Format Version 12.00
# Visual Studio Version 17
VisualStudioVersion = 17.4.33205.214
MinimumVisualStudioVersion = 10.0.40219.1
Project("{FAE04EC0-301F-11D3-BF4B-00C04F79EFBC}") = "Class 6 Polymorphism", "Class 6 Polymorphism.csproj", "{A772B1D5-B207-47C2-8FF0-D465CDF3FEBA}"
EndProject
Global
	GlobalSection(SolutionConfigurationPlatforms) = preSolution
		Debug|Any CPU = Debug|Any CPU
		Release|Any CPU = Release|Any CPU
	EndGlobalSection
	GlobalSection(ProjectConfigurationPlatforms) = postSolution
		{A772B1D5-B207-47C2-8FF0-D465CDF3FEBA}.Debug|Any CPU.ActiveCfg = Debug|Any CPU
		{A772B1D5-B207-47C2-8FF0-D465CDF3FEBA}.Debug|Any CPU.Build.0 = Debug|Any CPU
		{A772B1D5-B207-47C2-8FF0-D465CDF3FEBA}.Release|Any CPU.ActiveCfg = Release|Any CPU
		{A772B1D5-B207-47C2-8FF0-D465CDF3FEBA}.Release|Any CPU.Build.0 = Release|Any CPU
	EndGlobalSection
	GlobalSection(SolutionProperties) = preSolution
		HideSolutionNode = FALSE
	EndGlobalSection
	GlobalSection(ExtensibilityGlobals) = postSolution
		SolutionGuid = {F6FD448B-AC20-4731-AF8A-10A484963283}
	EndGlobalSection
EndGlobal
